
Microsoft Visual Studio Solution File, Format Version 12.00
Project("{FAE04EC0-301F-11D3-BF4B-00C04F79EFBC}") = "UIOverlay", "UIOverlay\UIOverlay.csproj", "{F4F91366-2BA6-4D8E-BC70-BBDB2E11A964}"
EndProject
Project("{FAE04EC0-301F-11D3-BF4B-00C04F79EFBC}") = "CliTools", "CliTools\CliTools.csproj", "{85CF2CDE-5EAD-4F93-90D8-C568B75DFD1A}"
EndProject
Project("{2150E333-8FDC-42A3-9474-1A3956D46DE8}") = "src", "src", "{343876D8-EA78-4396-87EC-258D4EFFB0DE}"
EndProject
Project("{FAE04EC0-301F-11D3-BF4B-00C04F79EFBC}") = "Core", "Core\Core.csproj", "{2DA52862-B3BA-4E4A-93EC-20EAC478FEEA}"
EndProject
Project("{FAE04EC0-301F-11D3-BF4B-00C04F79EFBC}") = "Domain", "Domain\Domain.csproj", "{98EB652B-3202-4B4F-9EDF-9DE7B1EB9134}"
EndProject
Project("{FAE04EC0-301F-11D3-BF4B-00C04F79EFBC}") = "Utils", "Utils\Utils.csproj", "{64034F37-497F-4E6B-A860-0C83B5520DF9}"
EndProject
Project("{2150E333-8FDC-42A3-9474-1A3956D46DE8}") = "tests", "tests", "{D4610314-25E8-452E-8E35-2D6AC7F8A84B}"
EndProject
Project("{FAE04EC0-301F-11D3-BF4B-00C04F79EFBC}") = "Core.Test", "Core.Test\Core.Test.csproj", "{A07474AE-7FE1-437B-A6FF-8D7048CBB791}"
EndProject
Project("{FAE04EC0-301F-11D3-BF4B-00C04F79EFBC}") = "PlayGround", "PlayGround\PlayGround.csproj", "{916B8B62-EBBE-4ACE-953C-B95D3646C54F}"
EndProject
Global
	GlobalSection(SolutionConfigurationPlatforms) = preSolution
		Debug|Any CPU = Debug|Any CPU
		Release|Any CPU = Release|Any CPU
	EndGlobalSection
	GlobalSection(ProjectConfigurationPlatforms) = postSolution
		{F4F91366-2BA6-4D8E-BC70-BBDB2E11A964}.Debug|Any CPU.ActiveCfg = Debug|Any CPU
		{F4F91366-2BA6-4D8E-BC70-BBDB2E11A964}.Debug|Any CPU.Build.0 = Debug|Any CPU
		{F4F91366-2BA6-4D8E-BC70-BBDB2E11A964}.Release|Any CPU.ActiveCfg = Release|Any CPU
		{F4F91366-2BA6-4D8E-BC70-BBDB2E11A964}.Release|Any CPU.Build.0 = Release|Any CPU
		{85CF2CDE-5EAD-4F93-90D8-C568B75DFD1A}.Debug|Any CPU.ActiveCfg = Debug|Any CPU
		{85CF2CDE-5EAD-4F93-90D8-C568B75DFD1A}.Debug|Any CPU.Build.0 = Debug|Any CPU
		{85CF2CDE-5EAD-4F93-90D8-C568B75DFD1A}.Release|Any CPU.ActiveCfg = Release|Any CPU
		{85CF2CDE-5EAD-4F93-90D8-C568B75DFD1A}.Release|Any CPU.Build.0 = Release|Any CPU
		{2DA52862-B3BA-4E4A-93EC-20EAC478FEEA}.Debug|Any CPU.ActiveCfg = Debug|Any CPU
		{2DA52862-B3BA-4E4A-93EC-20EAC478FEEA}.Debug|Any CPU.Build.0 = Debug|Any CPU
		{2DA52862-B3BA-4E4A-93EC-20EAC478FEEA}.Release|Any CPU.ActiveCfg = Release|Any CPU
		{2DA52862-B3BA-4E4A-93EC-20EAC478FEEA}.Release|Any CPU.Build.0 = Release|Any CPU
		{98EB652B-3202-4B4F-9EDF-9DE7B1EB9134}.Debug|Any CPU.ActiveCfg = Debug|Any CPU
		{98EB652B-3202-4B4F-9EDF-9DE7B1EB9134}.Debug|Any CPU.Build.0 = Debug|Any CPU
		{98EB652B-3202-4B4F-9EDF-9DE7B1EB9134}.Release|Any CPU.ActiveCfg = Release|Any CPU
		{98EB652B-3202-4B4F-9EDF-9DE7B1EB9134}.Release|Any CPU.Build.0 = Release|Any CPU
		{64034F37-497F-4E6B-A860-0C83B5520DF9}.Debug|Any CPU.ActiveCfg = Debug|Any CPU
		{64034F37-497F-4E6B-A860-0C83B5520DF9}.Debug|Any CPU.Build.0 = Debug|Any CPU
		{64034F37-497F-4E6B-A860-0C83B5520DF9}.Release|Any CPU.ActiveCfg = Release|Any CPU
		{64034F37-497F-4E6B-A860-0C83B5520DF9}.Release|Any CPU.Build.0 = Release|Any CPU
		{A07474AE-7FE1-437B-A6FF-8D7048CBB791}.Debug|Any CPU.ActiveCfg = Debug|Any CPU
		{A07474AE-7FE1-437B-A6FF-8D7048CBB791}.Debug|Any CPU.Build.0 = Debug|Any CPU
		{A07474AE-7FE1-437B-A6FF-8D7048CBB791}.Release|Any CPU.ActiveCfg = Release|Any CPU
		{A07474AE-7FE1-437B-A6FF-8D7048CBB791}.Release|Any CPU.Build.0 = Release|Any CPU
		{916B8B62-EBBE-4ACE-953C-B95D3646C54F}.Debug|Any CPU.ActiveCfg = Debug|Any CPU
		{916B8B62-EBBE-4ACE-953C-B95D3646C54F}.Debug|Any CPU.Build.0 = Debug|Any CPU
		{916B8B62-EBBE-4ACE-953C-B95D3646C54F}.Release|Any CPU.ActiveCfg = Release|Any CPU
		{916B8B62-EBBE-4ACE-953C-B95D3646C54F}.Release|Any CPU.Build.0 = Release|Any CPU
	EndGlobalSection
	GlobalSection(NestedProjects) = preSolution
		{85CF2CDE-5EAD-4F93-90D8-C568B75DFD1A} = {343876D8-EA78-4396-87EC-258D4EFFB0DE}
		{F4F91366-2BA6-4D8E-BC70-BBDB2E11A964} = {343876D8-EA78-4396-87EC-258D4EFFB0DE}
		{2DA52862-B3BA-4E4A-93EC-20EAC478FEEA} = {343876D8-EA78-4396-87EC-258D4EFFB0DE}
		{98EB652B-3202-4B4F-9EDF-9DE7B1EB9134} = {343876D8-EA78-4396-87EC-258D4EFFB0DE}
		{64034F37-497F-4E6B-A860-0C83B5520DF9} = {343876D8-EA78-4396-87EC-258D4EFFB0DE}
		{A07474AE-7FE1-437B-A6FF-8D7048CBB791} = {D4610314-25E8-452E-8E35-2D6AC7F8A84B}
		{916B8B62-EBBE-4ACE-953C-B95D3646C54F} = {343876D8-EA78-4396-87EC-258D4EFFB0DE}
	EndGlobalSection
EndGlobal
